// !$*UTF8*$!
{
	archiveVersion = 1;
	classes = {
	};
	objectVersion = 50;
	objects = {

/* Begin PBXBuildFile section */
		2610BE1E20CFAEA300C9745F /* AppDelegate.swift in Sources */ = {isa = PBXBuildFile; fileRef = 2610BE1D20CFAEA300C9745F /* AppDelegate.swift */; };
		2610BE2320CFAEA300C9745F /* Main.storyboard in Resources */ = {isa = PBXBuildFile; fileRef = 2610BE2120CFAEA300C9745F /* Main.storyboard */; };
		2610BE2520CFAEA400C9745F /* Assets.xcassets in Resources */ = {isa = PBXBuildFile; fileRef = 2610BE2420CFAEA400C9745F /* Assets.xcassets */; };
		2610BE2820CFAEA400C9745F /* LaunchScreen.storyboard in Resources */ = {isa = PBXBuildFile; fileRef = 2610BE2620CFAEA400C9745F /* LaunchScreen.storyboard */; };
		2610BE4620CFFAB200C9745F /* ViewController.swift in Sources */ = {isa = PBXBuildFile; fileRef = 2610BE4020CFFAB100C9745F /* ViewController.swift */; };
		2610BE4920CFFAB200C9745F /* WQPictureScanCell.swift in Sources */ = {isa = PBXBuildFile; fileRef = 2610BE4320CFFAB100C9745F /* WQPictureScanCell.swift */; };
		2610BE4A20CFFAB200C9745F /* WQPictureScanController.swift in Sources */ = {isa = PBXBuildFile; fileRef = 2610BE4420CFFAB100C9745F /* WQPictureScanController.swift */; };
		2610BE4E20D0B60B00C9745F /* timg.jpeg in Resources */ = {isa = PBXBuildFile; fileRef = 2610BE4C20D0B60A00C9745F /* timg.jpeg */; };
		2610BE4F20D0B60B00C9745F /* timg-2.jpeg in Resources */ = {isa = PBXBuildFile; fileRef = 2610BE4D20D0B60A00C9745F /* timg-2.jpeg */; };
		2610BE5120D0B8D400C9745F /* WQPictureScanCell.xib in Resources */ = {isa = PBXBuildFile; fileRef = 2610BE5020D0B8D400C9745F /* WQPictureScanCell.xib */; };
		2610BE5320D0C22C00C9745F /* WQPictureScanController.xib in Resources */ = {isa = PBXBuildFile; fileRef = 2610BE5220D0C22C00C9745F /* WQPictureScanController.xib */; };
/* End PBXBuildFile section */

/* Begin PBXFileReference section */
		2610BE1A20CFAEA300C9745F /* testPScan.app */ = {isa = PBXFileReference; explicitFileType = wrapper.application; includeInIndex = 0; path = testPScan.app; sourceTree = BUILT_PRODUCTS_DIR; };
		2610BE1D20CFAEA300C9745F /* AppDelegate.swift */ = {isa = PBXFileReference; lastKnownFileType = sourcecode.swift; path = AppDelegate.swift; sourceTree = "<group>"; };
		2610BE2220CFAEA300C9745F /* Base */ = {isa = PBXFileReference; lastKnownFileType = file.storyboard; name = Base; path = Base.lproj/Main.storyboard; sourceTree = "<group>"; };
		2610BE2420CFAEA400C9745F /* Assets.xcassets */ = {isa = PBXFileReference; lastKnownFileType = folder.assetcatalog; path = Assets.xcassets; sourceTree = "<group>"; };
		2610BE2720CFAEA400C9745F /* Base */ = {isa = PBXFileReference; lastKnownFileType = file.storyboard; name = Base; path = Base.lproj/LaunchScreen.storyboard; sourceTree = "<group>"; };
		2610BE2920CFAEA400C9745F /* Info.plist */ = {isa = PBXFileReference; lastKnownFileType = text.plist.xml; path = Info.plist; sourceTree = "<group>"; };
		2610BE4020CFFAB100C9745F /* ViewController.swift */ = {isa = PBXFileReference; fileEncoding = 4; lastKnownFileType = sourcecode.swift; path = ViewController.swift; sourceTree = "<group>"; };
		2610BE4320CFFAB100C9745F /* WQPictureScanCell.swift */ = {isa = PBXFileReference; fileEncoding = 4; lastKnownFileType = sourcecode.swift; path = WQPictureScanCell.swift; sourceTree = "<group>"; };
		2610BE4420CFFAB100C9745F /* WQPictureScanController.swift */ = {isa = PBXFileReference; fileEncoding = 4; lastKnownFileType = sourcecode.swift; path = WQPictureScanController.swift; sourceTree = "<group>"; };
		2610BE4C20D0B60A00C9745F /* timg.jpeg */ = {isa = PBXFileReference; lastKnownFileType = image.jpeg; path = timg.jpeg; sourceTree = "<group>"; };
		2610BE4D20D0B60A00C9745F /* timg-2.jpeg */ = {isa = PBXFileReference; lastKnownFileType = image.jpeg; path = "timg-2.jpeg"; sourceTree = "<group>"; };
		2610BE5020D0B8D400C9745F /* WQPictureScanCell.xib */ = {isa = PBXFileReference; fileEncoding = 4; lastKnownFileType = file.xib; path = WQPictureScanCell.xib; sourceTree = "<group>"; };
		2610BE5220D0C22C00C9745F /* WQPictureScanController.xib */ = {isa = PBXFileReference; lastKnownFileType = file.xib; path = WQPictureScanController.xib; sourceTree = "<group>"; };
/* End PBXFileReference section */

/* Begin PBXFrameworksBuildPhase section */
		2610BE1720CFAEA300C9745F /* Frameworks */ = {
			isa = PBXFrameworksBuildPhase;
			buildActionMask = 2147483647;
			files = (
			);
			runOnlyForDeploymentPostprocessing = 0;
		};
/* End PBXFrameworksBuildPhase section */

/* Begin PBXGroup section */
		2610BE1120CFAEA300C9745F = {
			isa = PBXGroup;
			children = (
				2610BE1C20CFAEA300C9745F /* testPScan */,
				2610BE1B20CFAEA300C9745F /* Products */,
			);
			sourceTree = "<group>";
		};
		2610BE1B20CFAEA300C9745F /* Products */ = {
			isa = PBXGroup;
			children = (
				2610BE1A20CFAEA300C9745F /* testPScan.app */,
			);
			name = Products;
			sourceTree = "<group>";
		};
		2610BE1C20CFAEA300C9745F /* testPScan */ = {
			isa = PBXGroup;
			children = (
				2610BE3F20CFFAB100C9745F /* WQPictureScanController */,
				2610BE1D20CFAEA300C9745F /* AppDelegate.swift */,
				2610BE4020CFFAB100C9745F /* ViewController.swift */,
				2610BE2120CFAEA300C9745F /* Main.storyboard */,
				2610BE4D20D0B60A00C9745F /* timg-2.jpeg */,
				2610BE4C20D0B60A00C9745F /* timg.jpeg */,
				2610BE2420CFAEA400C9745F /* Assets.xcassets */,
				2610BE2620CFAEA400C9745F /* LaunchScreen.storyboard */,
				2610BE2920CFAEA400C9745F /* Info.plist */,
			);
			path = testPScan;
			sourceTree = "<group>";
		};
		2610BE3F20CFFAB100C9745F /* WQPictureScanController */ = {
			isa = PBXGroup;
			children = (
				2610BE4320CFFAB100C9745F /* WQPictureScanCell.swift */,
				2610BE5020D0B8D400C9745F /* WQPictureScanCell.xib */,
				2610BE4420CFFAB100C9745F /* WQPictureScanController.swift */,
				2610BE5220D0C22C00C9745F /* WQPictureScanController.xib */,
			);
			path = WQPictureScanController;
			sourceTree = "<group>";
		};
/* End PBXGroup section */

/* Begin PBXNativeTarget section */
		2610BE1920CFAEA300C9745F /* testPScan */ = {
			isa = PBXNativeTarget;
			buildConfigurationList = 2610BE2C20CFAEA400C9745F /* Build configuration list for PBXNativeTarget "testPScan" */;
			buildPhases = (
				2610BE1620CFAEA300C9745F /* Sources */,
				2610BE1720CFAEA300C9745F /* Frameworks */,
				2610BE1820CFAEA300C9745F /* Resources */,
			);
			buildRules = (
			);
			dependencies = (
			);
			name = testPScan;
			productName = testPScan;
			productReference = 2610BE1A20CFAEA300C9745F /* testPScan.app */;
			productType = "com.apple.product-type.application";
		};
/* End PBXNativeTarget section */

/* Begin PBXProject section */
		2610BE1220CFAEA300C9745F /* Project object */ = {
			isa = PBXProject;
			attributes = {
				LastSwiftUpdateCheck = 0940;
				LastUpgradeCheck = 0940;
				ORGANIZATIONNAME = CampbellQi;
				TargetAttributes = {
					2610BE1920CFAEA300C9745F = {
						CreatedOnToolsVersion = 9.4;
					};
				};
			};
			buildConfigurationList = 2610BE1520CFAEA300C9745F /* Build configuration list for PBXProject "testPScan" */;
			compatibilityVersion = "Xcode 9.3";
			developmentRegion = en;
			hasScannedForEncodings = 0;
			knownRegions = (
				en,
				Base,
			);
			mainGroup = 2610BE1120CFAEA300C9745F;
			productRefGroup = 2610BE1B20CFAEA300C9745F /* Products */;
			projectDirPath = "";
			projectRoot = "";
			targets = (
				2610BE1920CFAEA300C9745F /* testPScan */,
			);
		};
/* End PBXProject section */

/* Begin PBXResourcesBuildPhase section */
		2610BE1820CFAEA300C9745F /* Resources */ = {
			isa = PBXResourcesBuildPhase;
			buildActionMask = 2147483647;
			files = (
				2610BE2820CFAEA400C9745F /* LaunchScreen.storyboard in Resources */,
				2610BE2520CFAEA400C9745F /* Assets.xcassets in Resources */,
				2610BE5120D0B8D400C9745F /* WQPictureScanCell.xib in Resources */,
				2610BE5320D0C22C00C9745F /* WQPictureScanController.xib in Resources */,
				2610BE4F20D0B60B00C9745F /* timg-2.jpeg in Resources */,
				2610BE4E20D0B60B00C9745F /* timg.jpeg in Resources */,
				2610BE2320CFAEA300C9745F /* Main.storyboard in Resources */,
			);
			runOnlyForDeploymentPostprocessing = 0;
		};
/* End PBXResourcesBuildPhase section */

/* Begin PBXSourcesBuildPhase section */
		2610BE1620CFAEA300C9745F /* Sources */ = {
			isa = PBXSourcesBuildPhase;
			buildActionMask = 2147483647;
			files = (
				2610BE4920CFFAB200C9745F /* WQPictureScanCell.swift in Sources */,
				2610BE4A20CFFAB200C9745F /* WQPictureScanController.swift in Sources */,
				2610BE4620CFFAB200C9745F /* ViewController.swift in Sources */,
				2610BE1E20CFAEA300C9745F /* AppDelegate.swift in Sources */,
			);
			runOnlyForDeploymentPostprocessing = 0;
		};
/* End PBXSourcesBuildPhase section */

/* Begin PBXVariantGroup section */
		2610BE2120CFAEA300C9745F /* Main.storyboard */ = {
			isa = PBXVariantGroup;
			children = (
				2610BE2220CFAEA300C9745F /* Base */,
			);
			name = Main.storyboard;
			sourceTree = "<group>";
		};
		2610BE2620CFAEA400C9745F /* LaunchScreen.storyboard */ = {
			isa = PBXVariantGroup;
			children = (
				2610BE2720CFAEA400C9745F /* Base */,
			);
			name = LaunchScreen.storyboard;
			sourceTree = "<group>";
		};
/* End PBXVariantGroup section */

/* Begin XCBuildConfiguration section */
		2610BE2A20CFAEA400C9745F /* Debug */ = {
			isa = XCBuildConfiguration;
			buildSettings = {
				ALWAYS_SEARCH_USER_PATHS = NO;
				CLANG_ANALYZER_NONNULL = YES;
				CLANG_ANALYZER_NUMBER_OBJECT_CONVERSION = YES_AGGRESSIVE;
				CLANG_CXX_LANGUAGE_STANDARD = "gnu++14";
				CLANG_CXX_LIBRARY = "libc++";
				CLANG_ENABLE_MODULES = YES;
				CLANG_ENABLE_OBJC_ARC = YES;
				CLANG_ENABLE_OBJC_WEAK = YES;
				CLANG_WARN_BLOCK_CAPTURE_AUTORELEASING = YES;
				CLANG_WARN_BOOL_CONVERSION = YES;
				CLANG_WARN_COMMA = YES;
				CLANG_WARN_CONSTANT_CONVERSION = YES;
				CLANG_WARN_DEPRECATED_OBJC_IMPLEMENTATIONS = YES;
				CLANG_WARN_DIRECT_OBJC_ISA_USAGE = YES_ERROR;
				CLANG_WARN_DOCUMENTATION_COMMENTS = YES;
				CLANG_WARN_EMPTY_BODY = YES;
				CLANG_WARN_ENUM_CONVERSION = YES;
				CLANG_WARN_INFINITE_RECURSION = YES;
				CLANG_WARN_INT_CONVERSION = YES;
				CLANG_WARN_NON_LITERAL_NULL_CONVERSION = YES;
				CLANG_WARN_OBJC_IMPLICIT_RETAIN_SELF = YES;
				CLANG_WARN_OBJC_LITERAL_CONVERSION = YES;
				CLANG_WARN_OBJC_ROOT_CLASS = YES_ERROR;
				CLANG_WARN_RANGE_LOOP_ANALYSIS = YES;
				CLANG_WARN_STRICT_PROTOTYPES = YES;
				CLANG_WARN_SUSPICIOUS_MOVE = YES;
				CLANG_WARN_UNGUARDED_AVAILABILITY = YES_AGGRESSIVE;
				CLANG_WARN_UNREACHABLE_CODE = YES;
				CLANG_WARN__DUPLICATE_METHOD_MATCH = YES;
				CODE_SIGN_IDENTITY = "iPhone Developer";
				COPY_PHASE_STRIP = NO;
				DEBUG_INFORMATION_FORMAT = dwarf;
				ENABLE_STRICT_OBJC_MSGSEND = YES;
				ENABLE_TESTABILITY = YES;
				GCC_C_LANGUAGE_STANDARD = gnu11;
				GCC_DYNAMIC_NO_PIC = NO;
				GCC_NO_COMMON_BLOCKS = YES;
				GCC_OPTIMIZATION_LEVEL = 0;
				GCC_PREPROCESSOR_DEFINITIONS = (
					"DEBUG=1",
					"$(inherited)",
				);
				GCC_WARN_64_TO_32_BIT_CONVERSION = YES;
				GCC_WARN_ABOUT_RETURN_TYPE = YES_ERROR;
				GCC_WARN_UNDECLARED_SELECTOR = YES;
				GCC_WARN_UNINITIALIZED_AUTOS = YES_AGGRESSIVE;
				GCC_WARN_UNUSED_FUNCTION = YES;
				GCC_WARN_UNUSED_VARIABLE = YES;
				IPHONEOS_DEPLOYMENT_TARGET = 11.4;
				MTL_ENABLE_DEBUG_INFO = YES;
				ONLY_ACTIVE_ARCH = YES;
				SDKROOT = iphoneos;
				SWIFT_ACTIVE_COMPILATION_CONDITIONS = DEBUG;
				SWIFT_OPTIMIZATION_LEVEL = "-Onone";
			};
			name = Debug;
		};
		2610BE2B20CFAEA400C9745F /* Release */ = {
			isa = XCBuildConfiguration;
			buildSettings = {
				ALWAYS_SEARCH_USER_PATHS = NO;
				CLANG_ANALYZER_NONNULL = YES;
				CLANG_ANALYZER_NUMBER_OBJECT_CONVERSION = YES_AGGRESSIVE;
				CLANG_CXX_LANGUAGE_STANDARD = "gnu++14";
				CLANG_CXX_LIBRARY = "libc++";
				CLANG_ENABLE_MODULES = YES;
				CLANG_ENABLE_OBJC_ARC = YES;
				CLANG_ENABLE_OBJC_WEAK = YES;
				CLANG_WARN_BLOCK_CAPTURE_AUTORELEASING = YES;
				CLANG_WARN_BOOL_CONVERSION = YES;
				CLANG_WARN_COMMA = YES;
				CLANG_WARN_CONSTANT_CONVERSION = YES;
				CLANG_WARN_DEPRECATED_OBJC_IMPLEMENTATIONS = YES;
				CLANG_WARN_DIRECT_OBJC_ISA_USAGE = YES_ERROR;
				CLANG_WARN_DOCUMENTATION_COMMENTS = YES;
				CLANG_WARN_EMPTY_BODY = YES;
				CLANG_WARN_ENUM_CONVERSION = YES;
				CLANG_WARN_INFINITE_RECURSION = YES;
				CLANG_WARN_INT_CONVERSION = YES;
				CLANG_WARN_NON_LITERAL_NULL_CONVERSION = YES;
				CLANG_WARN_OBJC_IMPLICIT_RETAIN_SELF = YES;
				CLANG_WARN_OBJC_LITERAL_CONVERSION = YES;
				CLANG_WARN_OBJC_ROOT_CLASS = YES_ERROR;
				CLANG_WARN_RANGE_LOOP_ANALYSIS = YES;
				CLANG_WARN_STRICT_PROTOTYPES = YES;
				CLANG_WARN_SUSPICIOUS_MOVE = YES;
				CLANG_WARN_UNGUARDED_AVAILABILITY = YES_AGGRESSIVE;
				CLANG_WARN_UNREACHABLE_CODE = YES;
				CLANG_WARN__DUPLICATE_METHOD_MATCH = YES;
				CODE_SIGN_IDENTITY = "iPhone Developer";
				COPY_PHASE_STRIP = NO;
				DEBUG_INFORMATION_FORMAT = "dwarf-with-dsym";
				ENABLE_NS_ASSERTIONS = NO;
				ENABLE_STRICT_OBJC_MSGSEND = YES;
				GCC_C_LANGUAGE_STANDARD = gnu11;
				GCC_NO_COMMON_BLOCKS = YES;
				GCC_WARN_64_TO_32_BIT_CONVERSION = YES;
				GCC_WARN_ABOUT_RETURN_TYPE = YES_ERROR;
				GCC_WARN_UNDECLARED_SELECTOR = YES;
				GCC_WARN_UNINITIALIZED_AUTOS = YES_AGGRESSIVE;
				GCC_WARN_UNUSED_FUNCTION = YES;
				GCC_WARN_UNUSED_VARIABLE = YES;
				IPHONEOS_DEPLOYMENT_TARGET = 11.4;
				MTL_ENABLE_DEBUG_INFO = NO;
				SDKROOT = iphoneos;
				SWIFT_COMPILATION_MODE = wholemodule;
				SWIFT_OPTIMIZATION_LEVEL = "-O";
				VALIDATE_PRODUCT = YES;
			};
			name = Release;
		};
		2610BE2D20CFAEA400C9745F /* Debug */ = {
			isa = XCBuildConfiguration;
			buildSettings = {
				ASSETCATALOG_COMPILER_APPICON_NAME = AppIcon;
				CODE_SIGN_STYLE = Automatic;
				DEVELOPMENT_TEAM = 22249MHDPE;
				INFOPLIST_FILE = testPScan/Info.plist;
				IPHONEOS_DEPLOYMENT_TARGET = 9.0;
				LD_RUNPATH_SEARCH_PATHS = (
					"$(inherited)",
					"@executable_path/Frameworks",
				);
				PRODUCT_BUNDLE_IDENTIFIER = com.dexian.testPScan;
				PRODUCT_NAME = "$(TARGET_NAME)";
				SWIFT_VERSION = 4.0;
				TARGETED_DEVICE_FAMILY = "1,2";
			};
			name = Debug;
		};
		2610BE2E20CFAEA400C9745F /* Release */ = {
			isa = XCBuildConfiguration;
			buildSettings = {
				ASSETCATALOG_COMPILER_APPICON_NAME = AppIcon;
				CODE_SIGN_STYLE = Automatic;
				DEVELOPMENT_TEAM = 22249MHDPE;
				INFOPLIST_FILE = testPScan/Info.plist;
				IPHONEOS_DEPLOYMENT_TARGET = 9.0;
				LD_RUNPATH_SEARCH_PATHS = (
					"$(inherited)",
					"@executable_path/Frameworks",
				);
				PRODUCT_BUNDLE_IDENTIFIER = com.dexian.testPScan;
				PRODUCT_NAME = "$(TARGET_NAME)";
				SWIFT_VERSION = 4.0;
				TARGETED_DEVICE_FAMILY = "1,2";
			};
			name = Release;
		};
/* End XCBuildConfiguration section */

/* Begin XCConfigurationList section */
		2610BE1520CFAEA300C9745F /* Build configuration list for PBXProject "testPScan" */ = {
			isa = XCConfigurationList;
			buildConfigurations = (
				2610BE2A20CFAEA400C9745F /* Debug */,
				2610BE2B20CFAEA400C9745F /* Release */,
			);
			defaultConfigurationIsVisible = 0;
			defaultConfigurationName = Release;
		};
		2610BE2C20CFAEA400C9745F /* Build configuration list for PBXNativeTarget "testPScan" */ = {
			isa = XCConfigurationList;
			buildConfigurations = (
				2610BE2D20CFAEA400C9745F /* Debug */,
				2610BE2E20CFAEA400C9745F /* Release */,
			);
			defaultConfigurationIsVisible = 0;
			defaultConfigurationName = Release;
		};
/* End XCConfigurationList section */
	};
	rootObject = 2610BE1220CFAEA300C9745F /* Project object */;
}
